
Microsoft Visual Studio Solution File, Format Version 12.00
# Visual Studio Version 17
VisualStudioVersion = 17.1.31911.260
MinimumVisualStudioVersion = 10.0.40219.1
Project("{6EC3EE1D-3C4E-46DD-8F32-0CC8E7565705}") = "CardBot", "CardBot\CardBot.fsproj", "{2516DFE4-71C9-42E2-9B73-ABB5BF9593D3}"
EndProject
Project("{F2A71F9B-5D33-465A-A702-920D77279786}") = "CardBot.Domain", "CardBot.Domain\CardBot.Domain.fsproj", "{40F546D2-5D34-451E-97E8-7AE506162787}"
EndProject
Global
	GlobalSection(SolutionConfigurationPlatforms) = preSolution
		Debug|Any CPU = Debug|Any CPU
		Release|Any CPU = Release|Any CPU
	EndGlobalSection
	GlobalSection(ProjectConfigurationPlatforms) = postSolution
		{2516DFE4-71C9-42E2-9B73-ABB5BF9593D3}.Debug|Any CPU.ActiveCfg = Debug|Any CPU
		{2516DFE4-71C9-42E2-9B73-ABB5BF9593D3}.Debug|Any CPU.Build.0 = Debug|Any CPU
		{2516DFE4-71C9-42E2-9B73-ABB5BF9593D3}.Release|Any CPU.ActiveCfg = Release|Any CPU
		{2516DFE4-71C9-42E2-9B73-ABB5BF9593D3}.Release|Any CPU.Build.0 = Release|Any CPU
		{40F546D2-5D34-451E-97E8-7AE506162787}.Debug|Any CPU.ActiveCfg = Debug|Any CPU
		{40F546D2-5D34-451E-97E8-7AE506162787}.Debug|Any CPU.Build.0 = Debug|Any CPU
		{40F546D2-5D34-451E-97E8-7AE506162787}.Release|Any CPU.ActiveCfg = Release|Any CPU
		{40F546D2-5D34-451E-97E8-7AE506162787}.Release|Any CPU.Build.0 = Release|Any CPU
	EndGlobalSection
	GlobalSection(SolutionProperties) = preSolution
		HideSolutionNode = FALSE
	EndGlobalSection
	GlobalSection(ExtensibilityGlobals) = postSolution
		SolutionGuid = {DE7382B1-23F3-477E-BC2D-93611E628694}
	EndGlobalSection
EndGlobal
